
Microsoft Visual Studio Solution File, Format Version 12.00
# Visual Studio Version 16
VisualStudioVersion = 16.0.30114.105
MinimumVisualStudioVersion = 10.0.40219.1
Project("{FAE04EC0-301F-11D3-BF4B-00C04F79EFBC}") = "VK_keyboard_winforms", "VK_keyboard_winforms\VK_keyboard_winforms.csproj", "{28EBBDB3-92DE-452D-8857-DADBA3C89F41}"
EndProject
Global
	GlobalSection(SolutionConfigurationPlatforms) = preSolution
		Debug|Any CPU = Debug|Any CPU
		Release|Any CPU = Release|Any CPU
	EndGlobalSection
	GlobalSection(ProjectConfigurationPlatforms) = postSolution
		{28EBBDB3-92DE-452D-8857-DADBA3C89F41}.Debug|Any CPU.ActiveCfg = Debug|Any CPU
		{28EBBDB3-92DE-452D-8857-DADBA3C89F41}.Debug|Any CPU.Build.0 = Debug|Any CPU
		{28EBBDB3-92DE-452D-8857-DADBA3C89F41}.Release|Any CPU.ActiveCfg = Release|Any CPU
		{28EBBDB3-92DE-452D-8857-DADBA3C89F41}.Release|Any CPU.Build.0 = Release|Any CPU
	EndGlobalSection
	GlobalSection(SolutionProperties) = preSolution
		HideSolutionNode = FALSE
	EndGlobalSection
	GlobalSection(ExtensibilityGlobals) = postSolution
		SolutionGuid = {8859B49B-ED55-44F1-B84D-EA42270831A9}
	EndGlobalSection
EndGlobal
